
Microsoft Visual Studio Solution File, Format Version 12.00
# Visual Studio Version 17
VisualStudioVersion = 17.0.31903.59
MinimumVisualStudioVersion = 10.0.40219.1
Project("{FAE04EC0-301F-11D3-BF4B-00C04F79EFBC}") = "API", "src\API\API.csproj", "{B7C88052-7F79-45A1-B493-41E280CCFF3C}"
EndProject
Project("{FAE04EC0-301F-11D3-BF4B-00C04F79EFBC}") = "Domain", "src\Domain\Domain.csproj", "{D65654D3-454E-4B59-85C1-E740494A1FC9}"
EndProject
Project("{FAE04EC0-301F-11D3-BF4B-00C04F79EFBC}") = "Infrastructure", "src\Infrastructure\Infrastructure.csproj", "{4DCF6A92-AF3D-4F4B-906B-18C55585E615}"
EndProject
Project("{FAE04EC0-301F-11D3-BF4B-00C04F79EFBC}") = "Domain.Tests", "tests\Domain.Tests\Domain.Tests.csproj", "{4D583567-3A96-4E89-BDF3-9931D1C81A0B}"
EndProject
Project("{2150E333-8FDC-42A3-9474-1A3956D46DE8}") = "tests", "tests", "{F2DAD066-452B-45E6-AA8B-DF4332AC8CBE}"
EndProject
Project("{FAE04EC0-301F-11D3-BF4B-00C04F79EFBC}") = "Template.IntegrationTests", "tests\Template.IntegrationTests\Template.IntegrationTests.csproj", "{C65EAA33-F1EB-4DC3-B2A8-BF384C14CC24}"
EndProject
Global
	GlobalSection(SolutionConfigurationPlatforms) = preSolution
		Debug|Any CPU = Debug|Any CPU
		Release|Any CPU = Release|Any CPU
	EndGlobalSection
	GlobalSection(SolutionProperties) = preSolution
		HideSolutionNode = FALSE
	EndGlobalSection
	GlobalSection(ProjectConfigurationPlatforms) = postSolution
		{B7C88052-7F79-45A1-B493-41E280CCFF3C}.Debug|Any CPU.ActiveCfg = Debug|Any CPU
		{B7C88052-7F79-45A1-B493-41E280CCFF3C}.Debug|Any CPU.Build.0 = Debug|Any CPU
		{B7C88052-7F79-45A1-B493-41E280CCFF3C}.Release|Any CPU.ActiveCfg = Release|Any CPU
		{B7C88052-7F79-45A1-B493-41E280CCFF3C}.Release|Any CPU.Build.0 = Release|Any CPU
		{D65654D3-454E-4B59-85C1-E740494A1FC9}.Debug|Any CPU.ActiveCfg = Debug|Any CPU
		{D65654D3-454E-4B59-85C1-E740494A1FC9}.Debug|Any CPU.Build.0 = Debug|Any CPU
		{D65654D3-454E-4B59-85C1-E740494A1FC9}.Release|Any CPU.ActiveCfg = Release|Any CPU
		{D65654D3-454E-4B59-85C1-E740494A1FC9}.Release|Any CPU.Build.0 = Release|Any CPU
		{4DCF6A92-AF3D-4F4B-906B-18C55585E615}.Debug|Any CPU.ActiveCfg = Debug|Any CPU
		{4DCF6A92-AF3D-4F4B-906B-18C55585E615}.Debug|Any CPU.Build.0 = Debug|Any CPU
		{4DCF6A92-AF3D-4F4B-906B-18C55585E615}.Release|Any CPU.ActiveCfg = Release|Any CPU
		{4DCF6A92-AF3D-4F4B-906B-18C55585E615}.Release|Any CPU.Build.0 = Release|Any CPU
		{4D583567-3A96-4E89-BDF3-9931D1C81A0B}.Debug|Any CPU.ActiveCfg = Debug|Any CPU
		{4D583567-3A96-4E89-BDF3-9931D1C81A0B}.Debug|Any CPU.Build.0 = Debug|Any CPU
		{4D583567-3A96-4E89-BDF3-9931D1C81A0B}.Release|Any CPU.ActiveCfg = Release|Any CPU
		{4D583567-3A96-4E89-BDF3-9931D1C81A0B}.Release|Any CPU.Build.0 = Release|Any CPU
		{C65EAA33-F1EB-4DC3-B2A8-BF384C14CC24}.Debug|Any CPU.ActiveCfg = Debug|Any CPU
		{C65EAA33-F1EB-4DC3-B2A8-BF384C14CC24}.Debug|Any CPU.Build.0 = Debug|Any CPU
		{C65EAA33-F1EB-4DC3-B2A8-BF384C14CC24}.Release|Any CPU.ActiveCfg = Release|Any CPU
		{C65EAA33-F1EB-4DC3-B2A8-BF384C14CC24}.Release|Any CPU.Build.0 = Release|Any CPU
	EndGlobalSection
	GlobalSection(NestedProjects) = preSolution
		{C65EAA33-F1EB-4DC3-B2A8-BF384C14CC24} = {F2DAD066-452B-45E6-AA8B-DF4332AC8CBE}
	EndGlobalSection
EndGlobal
